
Microsoft Visual Studio Solution File, Format Version 12.00
# Visual Studio 15
VisualStudioVersion = 15.0.27703.2000
MinimumVisualStudioVersion = 10.0.40219.1
Project("{8BC9CEB8-8B4A-11D0-8D11-00A0C91BC942}") = "HangmanQuest", "HangmanQuest\HangmanQuest.vcxproj", "{829CB345-1DFE-4C05-8D4B-25E7A74044BE}"
EndProject
Project("{8BC9CEB8-8B4A-11D0-8D11-00A0C91BC942}") = "HangmanQuestTests", "HangmanQuestTests\HangmanQuestTests.vcxproj", "{D72D1471-1FD3-4FD4-8CCD-71951EFADD59}"
EndProject
Project("{2150E333-8FDC-42A3-9474-1A3956D46DE8}") = "Solution Items", "Solution Items", "{CF7A0842-5A77-42C3-925C-46B515333B28}"
	ProjectSection(SolutionItems) = preProject
		3of6game.txt = 3of6game.txt
		ARLRDBD.TTF = ARLRDBD.TTF
		HangmanQuestUML.pdf = HangmanQuestUML.pdf
	EndProjectSection
EndProject
Project("{2150E333-8FDC-42A3-9474-1A3956D46DE8}") = "Overlays", "Overlays", "{CED57AF0-21B5-4387-8071-7AE98AD6659B}"
	ProjectSection(SolutionItems) = preProject
		Overlays\enter_word.png = Overlays\enter_word.png
		Overlays\game.png = Overlays\game.png
		Overlays\help.png = Overlays\help.png
		Overlays\hm0.png = Overlays\hm0.png
		Overlays\hm1.png = Overlays\hm1.png
		Overlays\hm2.png = Overlays\hm2.png
		Overlays\hm3.png = Overlays\hm3.png
		Overlays\hm4.png = Overlays\hm4.png
		Overlays\hm5.png = Overlays\hm5.png
		Overlays\hm6.png = Overlays\hm6.png
		Overlays\lose.png = Overlays\lose.png
		Overlays\menu.png = Overlays\menu.png
		Overlays\win.png = Overlays\win.png
	EndProjectSection
EndProject
Global
	GlobalSection(SolutionConfigurationPlatforms) = preSolution
		Debug|x64 = Debug|x64
		Debug|x86 = Debug|x86
		Release|x64 = Release|x64
		Release|x86 = Release|x86
	EndGlobalSection
	GlobalSection(ProjectConfigurationPlatforms) = postSolution
		{829CB345-1DFE-4C05-8D4B-25E7A74044BE}.Debug|x64.ActiveCfg = Debug|x64
		{829CB345-1DFE-4C05-8D4B-25E7A74044BE}.Debug|x64.Build.0 = Debug|x64
		{829CB345-1DFE-4C05-8D4B-25E7A74044BE}.Debug|x86.ActiveCfg = Debug|Win32
		{829CB345-1DFE-4C05-8D4B-25E7A74044BE}.Debug|x86.Build.0 = Debug|Win32
		{829CB345-1DFE-4C05-8D4B-25E7A74044BE}.Release|x64.ActiveCfg = Release|x64
		{829CB345-1DFE-4C05-8D4B-25E7A74044BE}.Release|x64.Build.0 = Release|x64
		{829CB345-1DFE-4C05-8D4B-25E7A74044BE}.Release|x86.ActiveCfg = Release|Win32
		{829CB345-1DFE-4C05-8D4B-25E7A74044BE}.Release|x86.Build.0 = Release|Win32
		{D72D1471-1FD3-4FD4-8CCD-71951EFADD59}.Debug|x64.ActiveCfg = Debug|x64
		{D72D1471-1FD3-4FD4-8CCD-71951EFADD59}.Debug|x64.Build.0 = Debug|x64
		{D72D1471-1FD3-4FD4-8CCD-71951EFADD59}.Debug|x86.ActiveCfg = Debug|Win32
		{D72D1471-1FD3-4FD4-8CCD-71951EFADD59}.Debug|x86.Build.0 = Debug|Win32
		{D72D1471-1FD3-4FD4-8CCD-71951EFADD59}.Release|x64.ActiveCfg = Release|x64
		{D72D1471-1FD3-4FD4-8CCD-71951EFADD59}.Release|x64.Build.0 = Release|x64
		{D72D1471-1FD3-4FD4-8CCD-71951EFADD59}.Release|x86.ActiveCfg = Release|Win32
		{D72D1471-1FD3-4FD4-8CCD-71951EFADD59}.Release|x86.Build.0 = Release|Win32
	EndGlobalSection
	GlobalSection(SolutionProperties) = preSolution
		HideSolutionNode = FALSE
	EndGlobalSection
	GlobalSection(NestedProjects) = preSolution
		{CED57AF0-21B5-4387-8071-7AE98AD6659B} = {CF7A0842-5A77-42C3-925C-46B515333B28}
	EndGlobalSection
	GlobalSection(ExtensibilityGlobals) = postSolution
		SolutionGuid = {5BAA1A5B-9020-4AB8-9695-C40A72D85C92}
	EndGlobalSection
EndGlobal
